
Microsoft Visual Studio Solution File, Format Version 12.00
# Visual Studio 15
VisualStudioVersion = 15.0.26124.0
MinimumVisualStudioVersion = 15.0.26124.0
Project("{FAE04EC0-301F-11D3-BF4B-00C04F79EFBC}") = "Products.Test", "Products.Test\Products.Test.csproj", "{1F31AA85-637C-4C26-B9C2-37E71580F377}"
EndProject
Project("{FAE04EC0-301F-11D3-BF4B-00C04F79EFBC}") = "Products", "Products\Products.csproj", "{277B9580-3437-4F18-B40D-BECFF54F13EB}"
EndProject
Global
	GlobalSection(SolutionConfigurationPlatforms) = preSolution
		Debug|Any CPU = Debug|Any CPU
		Debug|x64 = Debug|x64
		Debug|x86 = Debug|x86
		Release|Any CPU = Release|Any CPU
		Release|x64 = Release|x64
		Release|x86 = Release|x86
	EndGlobalSection
	GlobalSection(SolutionProperties) = preSolution
		HideSolutionNode = FALSE
	EndGlobalSection
	GlobalSection(ProjectConfigurationPlatforms) = postSolution
		{1F31AA85-637C-4C26-B9C2-37E71580F377}.Debug|Any CPU.ActiveCfg = Debug|Any CPU
		{1F31AA85-637C-4C26-B9C2-37E71580F377}.Debug|Any CPU.Build.0 = Debug|Any CPU
		{1F31AA85-637C-4C26-B9C2-37E71580F377}.Debug|x64.ActiveCfg = Debug|Any CPU
		{1F31AA85-637C-4C26-B9C2-37E71580F377}.Debug|x64.Build.0 = Debug|Any CPU
		{1F31AA85-637C-4C26-B9C2-37E71580F377}.Debug|x86.ActiveCfg = Debug|Any CPU
		{1F31AA85-637C-4C26-B9C2-37E71580F377}.Debug|x86.Build.0 = Debug|Any CPU
		{1F31AA85-637C-4C26-B9C2-37E71580F377}.Release|Any CPU.ActiveCfg = Release|Any CPU
		{1F31AA85-637C-4C26-B9C2-37E71580F377}.Release|Any CPU.Build.0 = Release|Any CPU
		{1F31AA85-637C-4C26-B9C2-37E71580F377}.Release|x64.ActiveCfg = Release|Any CPU
		{1F31AA85-637C-4C26-B9C2-37E71580F377}.Release|x64.Build.0 = Release|Any CPU
		{1F31AA85-637C-4C26-B9C2-37E71580F377}.Release|x86.ActiveCfg = Release|Any CPU
		{1F31AA85-637C-4C26-B9C2-37E71580F377}.Release|x86.Build.0 = Release|Any CPU
		{277B9580-3437-4F18-B40D-BECFF54F13EB}.Debug|Any CPU.ActiveCfg = Debug|Any CPU
		{277B9580-3437-4F18-B40D-BECFF54F13EB}.Debug|Any CPU.Build.0 = Debug|Any CPU
		{277B9580-3437-4F18-B40D-BECFF54F13EB}.Debug|x64.ActiveCfg = Debug|Any CPU
		{277B9580-3437-4F18-B40D-BECFF54F13EB}.Debug|x64.Build.0 = Debug|Any CPU
		{277B9580-3437-4F18-B40D-BECFF54F13EB}.Debug|x86.ActiveCfg = Debug|Any CPU
		{277B9580-3437-4F18-B40D-BECFF54F13EB}.Debug|x86.Build.0 = Debug|Any CPU
		{277B9580-3437-4F18-B40D-BECFF54F13EB}.Release|Any CPU.ActiveCfg = Release|Any CPU
		{277B9580-3437-4F18-B40D-BECFF54F13EB}.Release|Any CPU.Build.0 = Release|Any CPU
		{277B9580-3437-4F18-B40D-BECFF54F13EB}.Release|x64.ActiveCfg = Release|Any CPU
		{277B9580-3437-4F18-B40D-BECFF54F13EB}.Release|x64.Build.0 = Release|Any CPU
		{277B9580-3437-4F18-B40D-BECFF54F13EB}.Release|x86.ActiveCfg = Release|Any CPU
		{277B9580-3437-4F18-B40D-BECFF54F13EB}.Release|x86.Build.0 = Release|Any CPU
	EndGlobalSection
EndGlobal
