
Microsoft Visual Studio Solution File, Format Version 12.00
# Visual Studio 15
VisualStudioVersion = 15.0.28307.539
MinimumVisualStudioVersion = 10.0.40219.1
Project("{9A19103F-16F7-4668-BE54-9A1E7A4F7556}") = "lab5", "lab5\lab5.csproj", "{1CE73B00-BB5E-48A8-986F-7ED9BA0CE7C8}"
EndProject
Project("{FAE04EC0-301F-11D3-BF4B-00C04F79EFBC}") = "lab5.Test", "lab5.Test\lab5.Test.csproj", "{73510793-798A-47DA-8FA0-F62AD06DB685}"
EndProject
Global
	GlobalSection(SolutionConfigurationPlatforms) = preSolution
		Debug|Any CPU = Debug|Any CPU
		Release|Any CPU = Release|Any CPU
	EndGlobalSection
	GlobalSection(ProjectConfigurationPlatforms) = postSolution
		{1CE73B00-BB5E-48A8-986F-7ED9BA0CE7C8}.Debug|Any CPU.ActiveCfg = Debug|Any CPU
		{1CE73B00-BB5E-48A8-986F-7ED9BA0CE7C8}.Debug|Any CPU.Build.0 = Debug|Any CPU
		{1CE73B00-BB5E-48A8-986F-7ED9BA0CE7C8}.Release|Any CPU.ActiveCfg = Release|Any CPU
		{1CE73B00-BB5E-48A8-986F-7ED9BA0CE7C8}.Release|Any CPU.Build.0 = Release|Any CPU
		{73510793-798A-47DA-8FA0-F62AD06DB685}.Debug|Any CPU.ActiveCfg = Debug|Any CPU
		{73510793-798A-47DA-8FA0-F62AD06DB685}.Debug|Any CPU.Build.0 = Debug|Any CPU
		{73510793-798A-47DA-8FA0-F62AD06DB685}.Release|Any CPU.ActiveCfg = Release|Any CPU
		{73510793-798A-47DA-8FA0-F62AD06DB685}.Release|Any CPU.Build.0 = Release|Any CPU
	EndGlobalSection
	GlobalSection(SolutionProperties) = preSolution
		HideSolutionNode = FALSE
	EndGlobalSection
	GlobalSection(ExtensibilityGlobals) = postSolution
		SolutionGuid = {830A351F-7044-4A44-82B2-203CCD1D8391}
	EndGlobalSection
EndGlobal
